// !$*UTF8*$!
{
	archiveVersion = 1;
	classes = {
	};
	objectVersion = 56;
	objects = {

/* Begin PBXBuildFile section */
		F44E961329D2C0340060E59A /* TClothesApp.swift in Sources */ = {isa = PBXBuildFile; fileRef = F44E961229D2C0340060E59A /* TClothesApp.swift */; };
		F44E961529D2C0340060E59A /* OnBoardingScreen.swift in Sources */ = {isa = PBXBuildFile; fileRef = F44E961429D2C0340060E59A /* OnBoardingScreen.swift */; };
		F44E961729D2C0350060E59A /* Assets.xcassets in Resources */ = {isa = PBXBuildFile; fileRef = F44E961629D2C0350060E59A /* Assets.xcassets */; };
		F44E961A29D2C0350060E59A /* Preview Assets.xcassets in Resources */ = {isa = PBXBuildFile; fileRef = F44E961929D2C0350060E59A /* Preview Assets.xcassets */; };
		F44E962129D2C6500060E59A /* Launch Screen.storyboard in Resources */ = {isa = PBXBuildFile; fileRef = F44E962029D2C6500060E59A /* Launch Screen.storyboard */; };
		F44E962429D2C7450060E59A /* LogInScreen.swift in Sources */ = {isa = PBXBuildFile; fileRef = F44E962329D2C7450060E59A /* LogInScreen.swift */; };
		F44E962929D2D8E20060E59A /* FirstScreen.swift in Sources */ = {isa = PBXBuildFile; fileRef = F44E962829D2D8E20060E59A /* FirstScreen.swift */; };
		F44E962C29D326090060E59A /* NormalTextField.swift in Sources */ = {isa = PBXBuildFile; fileRef = F44E962B29D326090060E59A /* NormalTextField.swift */; };
		F44E962E29D329820060E59A /* SignUpScreen.swift in Sources */ = {isa = PBXBuildFile; fileRef = F44E962D29D329820060E59A /* SignUpScreen.swift */; };
		F44E963029D32B1C0060E59A /* GimmickButton.swift in Sources */ = {isa = PBXBuildFile; fileRef = F44E962F29D32B1C0060E59A /* GimmickButton.swift */; };
		F44E963229D330F70060E59A /* LogInSignUpButton.swift in Sources */ = {isa = PBXBuildFile; fileRef = F44E963129D330F70060E59A /* LogInSignUpButton.swift */; };
		F44E963429D336620060E59A /* GoogleService-Info.plist in Resources */ = {isa = PBXBuildFile; fileRef = F44E963329D336620060E59A /* GoogleService-Info.plist */; };
		F44E963729D337B70060E59A /* FirebaseAuth in Frameworks */ = {isa = PBXBuildFile; productRef = F44E963629D337B70060E59A /* FirebaseAuth */; };
		F44E963929D337B70060E59A /* FirebaseFirestore in Frameworks */ = {isa = PBXBuildFile; productRef = F44E963829D337B70060E59A /* FirebaseFirestore */; };
		F44E963B29D337B70060E59A /* FirebaseMessaging in Frameworks */ = {isa = PBXBuildFile; productRef = F44E963A29D337B70060E59A /* FirebaseMessaging */; };
		F44E963D29D337B70060E59A /* FirebaseStorage in Frameworks */ = {isa = PBXBuildFile; productRef = F44E963C29D337B70060E59A /* FirebaseStorage */; };
		F44E964029D4015A0060E59A /* AuthViewModel.swift in Sources */ = {isa = PBXBuildFile; fileRef = F44E963F29D4015A0060E59A /* AuthViewModel.swift */; };
		F44E964229D40A510060E59A /* MainScreen.swift in Sources */ = {isa = PBXBuildFile; fileRef = F44E964129D40A510060E59A /* MainScreen.swift */; };
		F44E964429D40EC30060E59A /* PasswordTextField.swift in Sources */ = {isa = PBXBuildFile; fileRef = F44E964329D40EC30060E59A /* PasswordTextField.swift */; };
		F44E964629D42AB50060E59A /* HomeScreen.swift in Sources */ = {isa = PBXBuildFile; fileRef = F44E964529D42AB50060E59A /* HomeScreen.swift */; };
		F44E964829D42ABE0060E59A /* SearchScreen.swift in Sources */ = {isa = PBXBuildFile; fileRef = F44E964729D42ABE0060E59A /* SearchScreen.swift */; };
		F44E964A29D42ACB0060E59A /* WishListScreen.swift in Sources */ = {isa = PBXBuildFile; fileRef = F44E964929D42ACB0060E59A /* WishListScreen.swift */; };
		F44E964C29D42AD30060E59A /* ProfileScreen.swift in Sources */ = {isa = PBXBuildFile; fileRef = F44E964B29D42AD30060E59A /* ProfileScreen.swift */; };
		F44E964E29D42D560060E59A /* ProductsViewModel.swift in Sources */ = {isa = PBXBuildFile; fileRef = F44E964D29D42D560060E59A /* ProductsViewModel.swift */; };
/* End PBXBuildFile section */

/* Begin PBXFileReference section */
		F44E960F29D2C0340060E59A /* TClothes.app */ = {isa = PBXFileReference; explicitFileType = wrapper.application; includeInIndex = 0; path = TClothes.app; sourceTree = BUILT_PRODUCTS_DIR; };
		F44E961229D2C0340060E59A /* TClothesApp.swift */ = {isa = PBXFileReference; lastKnownFileType = sourcecode.swift; path = TClothesApp.swift; sourceTree = "<group>"; };
		F44E961429D2C0340060E59A /* OnBoardingScreen.swift */ = {isa = PBXFileReference; lastKnownFileType = sourcecode.swift; path = OnBoardingScreen.swift; sourceTree = "<group>"; };
		F44E961629D2C0350060E59A /* Assets.xcassets */ = {isa = PBXFileReference; lastKnownFileType = folder.assetcatalog; path = Assets.xcassets; sourceTree = "<group>"; };
		F44E961929D2C0350060E59A /* Preview Assets.xcassets */ = {isa = PBXFileReference; lastKnownFileType = folder.assetcatalog; path = "Preview Assets.xcassets"; sourceTree = "<group>"; };
		F44E962029D2C6500060E59A /* Launch Screen.storyboard */ = {isa = PBXFileReference; lastKnownFileType = file.storyboard; path = "Launch Screen.storyboard"; sourceTree = "<group>"; };
		F44E962329D2C7450060E59A /* LogInScreen.swift */ = {isa = PBXFileReference; lastKnownFileType = sourcecode.swift; path = LogInScreen.swift; sourceTree = "<group>"; };
		F44E962829D2D8E20060E59A /* FirstScreen.swift */ = {isa = PBXFileReference; lastKnownFileType = sourcecode.swift; path = FirstScreen.swift; sourceTree = "<group>"; };
		F44E962B29D326090060E59A /* NormalTextField.swift */ = {isa = PBXFileReference; lastKnownFileType = sourcecode.swift; path = NormalTextField.swift; sourceTree = "<group>"; };
		F44E962D29D329820060E59A /* SignUpScreen.swift */ = {isa = PBXFileReference; lastKnownFileType = sourcecode.swift; path = SignUpScreen.swift; sourceTree = "<group>"; };
		F44E962F29D32B1C0060E59A /* GimmickButton.swift */ = {isa = PBXFileReference; lastKnownFileType = sourcecode.swift; path = GimmickButton.swift; sourceTree = "<group>"; };
		F44E963129D330F70060E59A /* LogInSignUpButton.swift */ = {isa = PBXFileReference; lastKnownFileType = sourcecode.swift; path = LogInSignUpButton.swift; sourceTree = "<group>"; };
		F44E963329D336620060E59A /* GoogleService-Info.plist */ = {isa = PBXFileReference; fileEncoding = 4; lastKnownFileType = text.plist.xml; path = "GoogleService-Info.plist"; sourceTree = "<group>"; };
		F44E963F29D4015A0060E59A /* AuthViewModel.swift */ = {isa = PBXFileReference; lastKnownFileType = sourcecode.swift; path = AuthViewModel.swift; sourceTree = "<group>"; };
		F44E964129D40A510060E59A /* MainScreen.swift */ = {isa = PBXFileReference; lastKnownFileType = sourcecode.swift; path = MainScreen.swift; sourceTree = "<group>"; };
		F44E964329D40EC30060E59A /* PasswordTextField.swift */ = {isa = PBXFileReference; lastKnownFileType = sourcecode.swift; path = PasswordTextField.swift; sourceTree = "<group>"; };
		F44E964529D42AB50060E59A /* HomeScreen.swift */ = {isa = PBXFileReference; lastKnownFileType = sourcecode.swift; path = HomeScreen.swift; sourceTree = "<group>"; };
		F44E964729D42ABE0060E59A /* SearchScreen.swift */ = {isa = PBXFileReference; lastKnownFileType = sourcecode.swift; path = SearchScreen.swift; sourceTree = "<group>"; };
		F44E964929D42ACB0060E59A /* WishListScreen.swift */ = {isa = PBXFileReference; lastKnownFileType = sourcecode.swift; path = WishListScreen.swift; sourceTree = "<group>"; };
		F44E964B29D42AD30060E59A /* ProfileScreen.swift */ = {isa = PBXFileReference; lastKnownFileType = sourcecode.swift; path = ProfileScreen.swift; sourceTree = "<group>"; };
		F44E964D29D42D560060E59A /* ProductsViewModel.swift */ = {isa = PBXFileReference; lastKnownFileType = sourcecode.swift; path = ProductsViewModel.swift; sourceTree = "<group>"; };
/* End PBXFileReference section */

/* Begin PBXFrameworksBuildPhase section */
		F44E960C29D2C0340060E59A /* Frameworks */ = {
			isa = PBXFrameworksBuildPhase;
			buildActionMask = 2147483647;
			files = (
				F44E963B29D337B70060E59A /* FirebaseMessaging in Frameworks */,
				F44E963D29D337B70060E59A /* FirebaseStorage in Frameworks */,
				F44E963729D337B70060E59A /* FirebaseAuth in Frameworks */,
				F44E963929D337B70060E59A /* FirebaseFirestore in Frameworks */,
			);
			runOnlyForDeploymentPostprocessing = 0;
		};
/* End PBXFrameworksBuildPhase section */

/* Begin PBXGroup section */
		F44E960629D2C0340060E59A = {
			isa = PBXGroup;
			children = (
				F44E961129D2C0340060E59A /* TClothes */,
				F44E961029D2C0340060E59A /* Products */,
			);
			sourceTree = "<group>";
		};
		F44E961029D2C0340060E59A /* Products */ = {
			isa = PBXGroup;
			children = (
				F44E960F29D2C0340060E59A /* TClothes.app */,
			);
			name = Products;
			sourceTree = "<group>";
		};
		F44E961129D2C0340060E59A /* TClothes */ = {
			isa = PBXGroup;
			children = (
				F44E961229D2C0340060E59A /* TClothesApp.swift */,
				F44E962529D2CA330060E59A /* Extension */,
				F44E963E29D3FFB50060E59A /* ViewModel */,
				F44E962A29D325E50060E59A /* ViewComponents */,
				F44E962229D2C7080060E59A /* View */,
				F44E961629D2C0350060E59A /* Assets.xcassets */,
				F44E961829D2C0350060E59A /* Preview Content */,
				F44E962029D2C6500060E59A /* Launch Screen.storyboard */,
				F44E963329D336620060E59A /* GoogleService-Info.plist */,
			);
			path = TClothes;
			sourceTree = "<group>";
		};
		F44E961829D2C0350060E59A /* Preview Content */ = {
			isa = PBXGroup;
			children = (
				F44E961929D2C0350060E59A /* Preview Assets.xcassets */,
			);
			path = "Preview Content";
			sourceTree = "<group>";
		};
		F44E962229D2C7080060E59A /* View */ = {
			isa = PBXGroup;
			children = (
				F44E962829D2D8E20060E59A /* FirstScreen.swift */,
				F44E961429D2C0340060E59A /* OnBoardingScreen.swift */,
				F44E962329D2C7450060E59A /* LogInScreen.swift */,
				F44E962D29D329820060E59A /* SignUpScreen.swift */,
				F44E964129D40A510060E59A /* MainScreen.swift */,
				F44E964529D42AB50060E59A /* HomeScreen.swift */,
				F44E964729D42ABE0060E59A /* SearchScreen.swift */,
				F44E964929D42ACB0060E59A /* WishListScreen.swift */,
				F44E964B29D42AD30060E59A /* ProfileScreen.swift */,
			);
			path = View;
			sourceTree = "<group>";
		};
		F44E962529D2CA330060E59A /* Extension */ = {
			isa = PBXGroup;
			children = (
			);
			path = Extension;
			sourceTree = "<group>";
		};
		F44E962A29D325E50060E59A /* ViewComponents */ = {
			isa = PBXGroup;
			children = (
				F44E962B29D326090060E59A /* NormalTextField.swift */,
				F44E964329D40EC30060E59A /* PasswordTextField.swift */,
				F44E963129D330F70060E59A /* LogInSignUpButton.swift */,
				F44E962F29D32B1C0060E59A /* GimmickButton.swift */,
			);
			path = ViewComponents;
			sourceTree = "<group>";
		};
		F44E963E29D3FFB50060E59A /* ViewModel */ = {
			isa = PBXGroup;
			children = (
				F44E963F29D4015A0060E59A /* AuthViewModel.swift */,
				F44E964D29D42D560060E59A /* ProductsViewModel.swift */,
			);
			path = ViewModel;
			sourceTree = "<group>";
		};
/* End PBXGroup section */

/* Begin PBXNativeTarget section */
		F44E960E29D2C0340060E59A /* TClothes */ = {
			isa = PBXNativeTarget;
			buildConfigurationList = F44E961D29D2C0350060E59A /* Build configuration list for PBXNativeTarget "TClothes" */;
			buildPhases = (
				F44E960B29D2C0340060E59A /* Sources */,
				F44E960C29D2C0340060E59A /* Frameworks */,
				F44E960D29D2C0340060E59A /* Resources */,
			);
			buildRules = (
			);
			dependencies = (
			);
			name = TClothes;
			packageProductDependencies = (
				F44E963629D337B70060E59A /* FirebaseAuth */,
				F44E963829D337B70060E59A /* FirebaseFirestore */,
				F44E963A29D337B70060E59A /* FirebaseMessaging */,
				F44E963C29D337B70060E59A /* FirebaseStorage */,
			);
			productName = TClothes;
			productReference = F44E960F29D2C0340060E59A /* TClothes.app */;
			productType = "com.apple.product-type.application";
		};
/* End PBXNativeTarget section */

/* Begin PBXProject section */
		F44E960729D2C0340060E59A /* Project object */ = {
			isa = PBXProject;
			attributes = {
				BuildIndependentTargetsInParallel = 1;
				LastSwiftUpdateCheck = 1420;
				LastUpgradeCheck = 1420;
				TargetAttributes = {
					F44E960E29D2C0340060E59A = {
						CreatedOnToolsVersion = 14.2;
					};
				};
			};
			buildConfigurationList = F44E960A29D2C0340060E59A /* Build configuration list for PBXProject "TClothes" */;
			compatibilityVersion = "Xcode 14.0";
			developmentRegion = en;
			hasScannedForEncodings = 0;
			knownRegions = (
				en,
				Base,
			);
			mainGroup = F44E960629D2C0340060E59A;
			packageReferences = (
				F44E963529D337B60060E59A /* XCRemoteSwiftPackageReference "firebase-ios-sdk" */,
			);
			productRefGroup = F44E961029D2C0340060E59A /* Products */;
			projectDirPath = "";
			projectRoot = "";
			targets = (
				F44E960E29D2C0340060E59A /* TClothes */,
			);
		};
/* End PBXProject section */

/* Begin PBXResourcesBuildPhase section */
		F44E960D29D2C0340060E59A /* Resources */ = {
			isa = PBXResourcesBuildPhase;
			buildActionMask = 2147483647;
			files = (
				F44E962129D2C6500060E59A /* Launch Screen.storyboard in Resources */,
				F44E963429D336620060E59A /* GoogleService-Info.plist in Resources */,
				F44E961A29D2C0350060E59A /* Preview Assets.xcassets in Resources */,
				F44E961729D2C0350060E59A /* Assets.xcassets in Resources */,
			);
			runOnlyForDeploymentPostprocessing = 0;
		};
/* End PBXResourcesBuildPhase section */

/* Begin PBXSourcesBuildPhase section */
		F44E960B29D2C0340060E59A /* Sources */ = {
			isa = PBXSourcesBuildPhase;
			buildActionMask = 2147483647;
			files = (
				F44E962929D2D8E20060E59A /* FirstScreen.swift in Sources */,
				F44E961529D2C0340060E59A /* OnBoardingScreen.swift in Sources */,
				F44E964E29D42D560060E59A /* ProductsViewModel.swift in Sources */,
				F44E964229D40A510060E59A /* MainScreen.swift in Sources */,
				F44E962C29D326090060E59A /* NormalTextField.swift in Sources */,
				F44E964C29D42AD30060E59A /* ProfileScreen.swift in Sources */,
				F44E964829D42ABE0060E59A /* SearchScreen.swift in Sources */,
				F44E963029D32B1C0060E59A /* GimmickButton.swift in Sources */,
				F44E964A29D42ACB0060E59A /* WishListScreen.swift in Sources */,
				F44E962429D2C7450060E59A /* LogInScreen.swift in Sources */,
				F44E963229D330F70060E59A /* LogInSignUpButton.swift in Sources */,
				F44E961329D2C0340060E59A /* TClothesApp.swift in Sources */,
				F44E964629D42AB50060E59A /* HomeScreen.swift in Sources */,
				F44E962E29D329820060E59A /* SignUpScreen.swift in Sources */,
				F44E964429D40EC30060E59A /* PasswordTextField.swift in Sources */,
				F44E964029D4015A0060E59A /* AuthViewModel.swift in Sources */,
			);
			runOnlyForDeploymentPostprocessing = 0;
		};
/* End PBXSourcesBuildPhase section */

/* Begin XCBuildConfiguration section */
		F44E961B29D2C0350060E59A /* Debug */ = {
			isa = XCBuildConfiguration;
			buildSettings = {
				ALWAYS_SEARCH_USER_PATHS = NO;
				CLANG_ANALYZER_NONNULL = YES;
				CLANG_ANALYZER_NUMBER_OBJECT_CONVERSION = YES_AGGRESSIVE;
				CLANG_CXX_LANGUAGE_STANDARD = "gnu++20";
				CLANG_ENABLE_MODULES = YES;
				CLANG_ENABLE_OBJC_ARC = YES;
				CLANG_ENABLE_OBJC_WEAK = YES;
				CLANG_WARN_BLOCK_CAPTURE_AUTORELEASING = YES;
				CLANG_WARN_BOOL_CONVERSION = YES;
				CLANG_WARN_COMMA = YES;
				CLANG_WARN_CONSTANT_CONVERSION = YES;
				CLANG_WARN_DEPRECATED_OBJC_IMPLEMENTATIONS = YES;
				CLANG_WARN_DIRECT_OBJC_ISA_USAGE = YES_ERROR;
				CLANG_WARN_DOCUMENTATION_COMMENTS = YES;
				CLANG_WARN_EMPTY_BODY = YES;
				CLANG_WARN_ENUM_CONVERSION = YES;
				CLANG_WARN_INFINITE_RECURSION = YES;
				CLANG_WARN_INT_CONVERSION = YES;
				CLANG_WARN_NON_LITERAL_NULL_CONVERSION = YES;
				CLANG_WARN_OBJC_IMPLICIT_RETAIN_SELF = YES;
				CLANG_WARN_OBJC_LITERAL_CONVERSION = YES;
				CLANG_WARN_OBJC_ROOT_CLASS = YES_ERROR;
				CLANG_WARN_QUOTED_INCLUDE_IN_FRAMEWORK_HEADER = YES;
				CLANG_WARN_RANGE_LOOP_ANALYSIS = YES;
				CLANG_WARN_STRICT_PROTOTYPES = YES;
				CLANG_WARN_SUSPICIOUS_MOVE = YES;
				CLANG_WARN_UNGUARDED_AVAILABILITY = YES_AGGRESSIVE;
				CLANG_WARN_UNREACHABLE_CODE = YES;
				CLANG_WARN__DUPLICATE_METHOD_MATCH = YES;
				COPY_PHASE_STRIP = NO;
				DEBUG_INFORMATION_FORMAT = dwarf;
				ENABLE_STRICT_OBJC_MSGSEND = YES;
				ENABLE_TESTABILITY = YES;
				GCC_C_LANGUAGE_STANDARD = gnu11;
				GCC_DYNAMIC_NO_PIC = NO;
				GCC_NO_COMMON_BLOCKS = YES;
				GCC_OPTIMIZATION_LEVEL = 0;
				GCC_PREPROCESSOR_DEFINITIONS = (
					"DEBUG=1",
					"$(inherited)",
				);
				GCC_WARN_64_TO_32_BIT_CONVERSION = YES;
				GCC_WARN_ABOUT_RETURN_TYPE = YES_ERROR;
				GCC_WARN_UNDECLARED_SELECTOR = YES;
				GCC_WARN_UNINITIALIZED_AUTOS = YES_AGGRESSIVE;
				GCC_WARN_UNUSED_FUNCTION = YES;
				GCC_WARN_UNUSED_VARIABLE = YES;
				IPHONEOS_DEPLOYMENT_TARGET = 16.2;
				MTL_ENABLE_DEBUG_INFO = INCLUDE_SOURCE;
				MTL_FAST_MATH = YES;
				ONLY_ACTIVE_ARCH = YES;
				SDKROOT = iphoneos;
				SWIFT_ACTIVE_COMPILATION_CONDITIONS = DEBUG;
				SWIFT_OPTIMIZATION_LEVEL = "-Onone";
			};
			name = Debug;
		};
		F44E961C29D2C0350060E59A /* Release */ = {
			isa = XCBuildConfiguration;
			buildSettings = {
				ALWAYS_SEARCH_USER_PATHS = NO;
				CLANG_ANALYZER_NONNULL = YES;
				CLANG_ANALYZER_NUMBER_OBJECT_CONVERSION = YES_AGGRESSIVE;
				CLANG_CXX_LANGUAGE_STANDARD = "gnu++20";
				CLANG_ENABLE_MODULES = YES;
				CLANG_ENABLE_OBJC_ARC = YES;
				CLANG_ENABLE_OBJC_WEAK = YES;
				CLANG_WARN_BLOCK_CAPTURE_AUTORELEASING = YES;
				CLANG_WARN_BOOL_CONVERSION = YES;
				CLANG_WARN_COMMA = YES;
				CLANG_WARN_CONSTANT_CONVERSION = YES;
				CLANG_WARN_DEPRECATED_OBJC_IMPLEMENTATIONS = YES;
				CLANG_WARN_DIRECT_OBJC_ISA_USAGE = YES_ERROR;
				CLANG_WARN_DOCUMENTATION_COMMENTS = YES;
				CLANG_WARN_EMPTY_BODY = YES;
				CLANG_WARN_ENUM_CONVERSION = YES;
				CLANG_WARN_INFINITE_RECURSION = YES;
				CLANG_WARN_INT_CONVERSION = YES;
				CLANG_WARN_NON_LITERAL_NULL_CONVERSION = YES;
				CLANG_WARN_OBJC_IMPLICIT_RETAIN_SELF = YES;
				CLANG_WARN_OBJC_LITERAL_CONVERSION = YES;
				CLANG_WARN_OBJC_ROOT_CLASS = YES_ERROR;
				CLANG_WARN_QUOTED_INCLUDE_IN_FRAMEWORK_HEADER = YES;
				CLANG_WARN_RANGE_LOOP_ANALYSIS = YES;
				CLANG_WARN_STRICT_PROTOTYPES = YES;
				CLANG_WARN_SUSPICIOUS_MOVE = YES;
				CLANG_WARN_UNGUARDED_AVAILABILITY = YES_AGGRESSIVE;
				CLANG_WARN_UNREACHABLE_CODE = YES;
				CLANG_WARN__DUPLICATE_METHOD_MATCH = YES;
				COPY_PHASE_STRIP = NO;
				DEBUG_INFORMATION_FORMAT = "dwarf-with-dsym";
				ENABLE_NS_ASSERTIONS = NO;
				ENABLE_STRICT_OBJC_MSGSEND = YES;
				GCC_C_LANGUAGE_STANDARD = gnu11;
				GCC_NO_COMMON_BLOCKS = YES;
				GCC_WARN_64_TO_32_BIT_CONVERSION = YES;
				GCC_WARN_ABOUT_RETURN_TYPE = YES_ERROR;
				GCC_WARN_UNDECLARED_SELECTOR = YES;
				GCC_WARN_UNINITIALIZED_AUTOS = YES_AGGRESSIVE;
				GCC_WARN_UNUSED_FUNCTION = YES;
				GCC_WARN_UNUSED_VARIABLE = YES;
				IPHONEOS_DEPLOYMENT_TARGET = 16.2;
				MTL_ENABLE_DEBUG_INFO = NO;
				MTL_FAST_MATH = YES;
				SDKROOT = iphoneos;
				SWIFT_COMPILATION_MODE = wholemodule;
				SWIFT_OPTIMIZATION_LEVEL = "-O";
				VALIDATE_PRODUCT = YES;
			};
			name = Release;
		};
		F44E961E29D2C0350060E59A /* Debug */ = {
			isa = XCBuildConfiguration;
			buildSettings = {
				ASSETCATALOG_COMPILER_APPICON_NAME = AppIcon;
				ASSETCATALOG_COMPILER_GLOBAL_ACCENT_COLOR_NAME = AccentColor;
				CODE_SIGN_STYLE = Automatic;
				CURRENT_PROJECT_VERSION = 1;
				DEVELOPMENT_ASSET_PATHS = "\"TClothes/Preview Content\"";
				DEVELOPMENT_TEAM = 33WMDPGAG6;
				ENABLE_PREVIEWS = YES;
				GENERATE_INFOPLIST_FILE = YES;
				INFOPLIST_KEY_UIApplicationSceneManifest_Generation = YES;
				INFOPLIST_KEY_UIApplicationSupportsIndirectInputEvents = YES;
				INFOPLIST_KEY_UILaunchScreen_Generation = YES;
				INFOPLIST_KEY_UILaunchStoryboardName = "Launch Screen.storyboard";
				INFOPLIST_KEY_UISupportedInterfaceOrientations = UIInterfaceOrientationPortrait;
				INFOPLIST_KEY_UISupportedInterfaceOrientations_iPad = "UIInterfaceOrientationLandscapeLeft UIInterfaceOrientationLandscapeRight UIInterfaceOrientationPortrait UIInterfaceOrientationPortraitUpsideDown";
				LD_RUNPATH_SEARCH_PATHS = (
					"$(inherited)",
					"@executable_path/Frameworks",
				);
				MARKETING_VERSION = 1.0;
				PRODUCT_BUNDLE_IDENTIFIER = th.ac.chula.cbs.stat.TClothes;
				PRODUCT_NAME = "$(TARGET_NAME)";
				SUPPORTED_PLATFORMS = "iphoneos iphonesimulator";
				SUPPORTS_MACCATALYST = NO;
				SUPPORTS_MAC_DESIGNED_FOR_IPHONE_IPAD = NO;
				SWIFT_EMIT_LOC_STRINGS = YES;
				SWIFT_VERSION = 5.0;
				TARGETED_DEVICE_FAMILY = 1;
			};
			name = Debug;
		};
		F44E961F29D2C0350060E59A /* Release */ = {
			isa = XCBuildConfiguration;
			buildSettings = {
				ASSETCATALOG_COMPILER_APPICON_NAME = AppIcon;
				ASSETCATALOG_COMPILER_GLOBAL_ACCENT_COLOR_NAME = AccentColor;
				CODE_SIGN_STYLE = Automatic;
				CURRENT_PROJECT_VERSION = 1;
				DEVELOPMENT_ASSET_PATHS = "\"TClothes/Preview Content\"";
				DEVELOPMENT_TEAM = 33WMDPGAG6;
				ENABLE_PREVIEWS = YES;
				GENERATE_INFOPLIST_FILE = YES;
				INFOPLIST_KEY_UIApplicationSceneManifest_Generation = YES;
				INFOPLIST_KEY_UIApplicationSupportsIndirectInputEvents = YES;
				INFOPLIST_KEY_UILaunchScreen_Generation = YES;
				INFOPLIST_KEY_UILaunchStoryboardName = "Launch Screen.storyboard";
				INFOPLIST_KEY_UISupportedInterfaceOrientations = UIInterfaceOrientationPortrait;
				INFOPLIST_KEY_UISupportedInterfaceOrientations_iPad = "UIInterfaceOrientationLandscapeLeft UIInterfaceOrientationLandscapeRight UIInterfaceOrientationPortrait UIInterfaceOrientationPortraitUpsideDown";
				LD_RUNPATH_SEARCH_PATHS = (
					"$(inherited)",
					"@executable_path/Frameworks",
				);
				MARKETING_VERSION = 1.0;
				PRODUCT_BUNDLE_IDENTIFIER = th.ac.chula.cbs.stat.TClothes;
				PRODUCT_NAME = "$(TARGET_NAME)";
				SUPPORTED_PLATFORMS = "iphoneos iphonesimulator";
				SUPPORTS_MACCATALYST = NO;
				SUPPORTS_MAC_DESIGNED_FOR_IPHONE_IPAD = NO;
				SWIFT_EMIT_LOC_STRINGS = YES;
				SWIFT_VERSION = 5.0;
				TARGETED_DEVICE_FAMILY = 1;
			};
			name = Release;
		};
/* End XCBuildConfiguration section */

/* Begin XCConfigurationList section */
		F44E960A29D2C0340060E59A /* Build configuration list for PBXProject "TClothes" */ = {
			isa = XCConfigurationList;
			buildConfigurations = (
				F44E961B29D2C0350060E59A /* Debug */,
				F44E961C29D2C0350060E59A /* Release */,
			);
			defaultConfigurationIsVisible = 0;
			defaultConfigurationName = Release;
		};
		F44E961D29D2C0350060E59A /* Build configuration list for PBXNativeTarget "TClothes" */ = {
			isa = XCConfigurationList;
			buildConfigurations = (
				F44E961E29D2C0350060E59A /* Debug */,
				F44E961F29D2C0350060E59A /* Release */,
			);
			defaultConfigurationIsVisible = 0;
			defaultConfigurationName = Release;
		};
/* End XCConfigurationList section */

/* Begin XCRemoteSwiftPackageReference section */
		F44E963529D337B60060E59A /* XCRemoteSwiftPackageReference "firebase-ios-sdk" */ = {
			isa = XCRemoteSwiftPackageReference;
			repositoryURL = "https://github.com/firebase/firebase-ios-sdk";
			requirement = {
				kind = upToNextMajorVersion;
				minimumVersion = 9.0.0;
			};
		};
/* End XCRemoteSwiftPackageReference section */

/* Begin XCSwiftPackageProductDependency section */
		F44E963629D337B70060E59A /* FirebaseAuth */ = {
			isa = XCSwiftPackageProductDependency;
			package = F44E963529D337B60060E59A /* XCRemoteSwiftPackageReference "firebase-ios-sdk" */;
			productName = FirebaseAuth;
		};
		F44E963829D337B70060E59A /* FirebaseFirestore */ = {
			isa = XCSwiftPackageProductDependency;
			package = F44E963529D337B60060E59A /* XCRemoteSwiftPackageReference "firebase-ios-sdk" */;
			productName = FirebaseFirestore;
		};
		F44E963A29D337B70060E59A /* FirebaseMessaging */ = {
			isa = XCSwiftPackageProductDependency;
			package = F44E963529D337B60060E59A /* XCRemoteSwiftPackageReference "firebase-ios-sdk" */;
			productName = FirebaseMessaging;
		};
		F44E963C29D337B70060E59A /* FirebaseStorage */ = {
			isa = XCSwiftPackageProductDependency;
			package = F44E963529D337B60060E59A /* XCRemoteSwiftPackageReference "firebase-ios-sdk" */;
			productName = FirebaseStorage;
		};
/* End XCSwiftPackageProductDependency section */
	};
	rootObject = F44E960729D2C0340060E59A /* Project object */;
}
